PODS:
  - Flutter (3.13.0)
  - package_info (0.0.1):
    - Flutter

DEPENDENCIES:
  - package_info (from `.symlinks/plugins/package_info/ios`)

SPEC REPOS:
  trunk:
    - Flutter

EXTERNAL SOURCES:
  package_info:
    :path: ".symlinks/plugins/package_info/ios"

SPEC CHECKSUMS:
  Flutter: 8ff16720b007bae16abfe75ef9fe3ee45ead486a
  package_info: 873975fc26034f0b863a300ad47e7f1ac6c7ec62

PODFILE CHECKSUM: 95b40e9d8e702b642a0731c111a9c7591ce6cbcd

COCOAPODS: 1.15.2
